{
  "name": "@visuallogic-vlcode/ivx-v4-v5-migration",
  "version": "0.2.0",
  "lockfileVersion": 3,
  "requires": true,
  "packages": {
    "": {
      "name": "@visuallogic-vlcode/ivx-v4-v5-migration",
      "version": "0.2.0",
      "license": "UNLICENSED",
      "bin": {
        "ivx-migrate": "bin/ivx-migrate.js"
      },
      "engines": {
        "node": ">=20"
      }
    }
  }
}
